
Microsoft Visual Studio Solution File, Format Version 12.00
# Visual Studio 14
VisualStudioVersion = 14.0.22512.0
MinimumVisualStudioVersion = 10.0.40219.1
Project("{FAE04EC0-301F-11D3-BF4B-00C04F79EFBC}") = "STM", "STM\STM.csproj", "{7F2C2267-8643-451A-B8C1-8552BE152475}"
EndProject
Project("{FAE04EC0-301F-11D3-BF4B-00C04F79EFBC}") = "STMTester", "STMTester\STMTester.csproj", "{940BDB8C-E36B-4F1F-9601-1050C1805E85}"
EndProject
Project("{FAE04EC0-301F-11D3-BF4B-00C04F79EFBC}") = "STMUnitTest", "STMUnitTest\STMUnitTest.csproj", "{C23B35B1-A837-40E4-80B7-67AE029AEE54}"
	ProjectSection(ProjectDependencies) = postProject
		{7F2C2267-8643-451A-B8C1-8552BE152475} = {7F2C2267-8643-451A-B8C1-8552BE152475}
	EndProjectSection
EndProject
Global
	GlobalSection(SolutionConfigurationPlatforms) = preSolution
		Debug|Any CPU = Debug|Any CPU
		Release|Any CPU = Release|Any CPU
	EndGlobalSection
	GlobalSection(ProjectConfigurationPlatforms) = postSolution
		{7F2C2267-8643-451A-B8C1-8552BE152475}.Debug|Any CPU.ActiveCfg = Debug|Any CPU
		{7F2C2267-8643-451A-B8C1-8552BE152475}.Debug|Any CPU.Build.0 = Debug|Any CPU
		{7F2C2267-8643-451A-B8C1-8552BE152475}.Release|Any CPU.ActiveCfg = Release|Any CPU
		{7F2C2267-8643-451A-B8C1-8552BE152475}.Release|Any CPU.Build.0 = Release|Any CPU
		{940BDB8C-E36B-4F1F-9601-1050C1805E85}.Debug|Any CPU.ActiveCfg = Debug|Any CPU
		{940BDB8C-E36B-4F1F-9601-1050C1805E85}.Debug|Any CPU.Build.0 = Debug|Any CPU
		{940BDB8C-E36B-4F1F-9601-1050C1805E85}.Release|Any CPU.ActiveCfg = Release|Any CPU
		{940BDB8C-E36B-4F1F-9601-1050C1805E85}.Release|Any CPU.Build.0 = Release|Any CPU
		{C23B35B1-A837-40E4-80B7-67AE029AEE54}.Debug|Any CPU.ActiveCfg = Debug|Any CPU
		{C23B35B1-A837-40E4-80B7-67AE029AEE54}.Debug|Any CPU.Build.0 = Debug|Any CPU
		{C23B35B1-A837-40E4-80B7-67AE029AEE54}.Release|Any CPU.ActiveCfg = Release|Any CPU
		{C23B35B1-A837-40E4-80B7-67AE029AEE54}.Release|Any CPU.Build.0 = Release|Any CPU
	EndGlobalSection
	GlobalSection(SolutionProperties) = preSolution
		HideSolutionNode = FALSE
	EndGlobalSection
EndGlobal
